// !$*UTF8*$!
{
	archiveVersion = 1;
	classes = {
	};
	objectVersion = 56;
	objects = {

/* Begin PBXBuildFile section */
		3BFA7B4D29A00E3F00E8B234 /* ManaihApp.swift in Sources */ = {isa = PBXBuildFile; fileRef = 3BFA7B4C29A00E3F00E8B234 /* ManaihApp.swift */; };
		3BFA7B4F29A00E3F00E8B234 /* ContentView.swift in Sources */ = {isa = PBXBuildFile; fileRef = 3BFA7B4E29A00E3F00E8B234 /* ContentView.swift */; };
		3BFA7B5129A00E4000E8B234 /* Assets.xcassets in Resources */ = {isa = PBXBuildFile; fileRef = 3BFA7B5029A00E4000E8B234 /* Assets.xcassets */; };
		3BFA7B5429A00E4000E8B234 /* Preview Assets.xcassets in Resources */ = {isa = PBXBuildFile; fileRef = 3BFA7B5329A00E4000E8B234 /* Preview Assets.xcassets */; };
		3BFA7B5C29A012E600E8B234 /* FirebaseAuth in Frameworks */ = {isa = PBXBuildFile; productRef = 3BFA7B5B29A012E600E8B234 /* FirebaseAuth */; };
		3BFA7B5E29A012E600E8B234 /* FirebaseFirestore in Frameworks */ = {isa = PBXBuildFile; productRef = 3BFA7B5D29A012E600E8B234 /* FirebaseFirestore */; };
		3BFA7B6029A012E600E8B234 /* FirebaseFirestoreSwift in Frameworks */ = {isa = PBXBuildFile; productRef = 3BFA7B5F29A012E600E8B234 /* FirebaseFirestoreSwift */; };
		3BFA7B6229A0141C00E8B234 /* GoogleService-Info.plist in Resources */ = {isa = PBXBuildFile; fileRef = 3BFA7B6129A0141C00E8B234 /* GoogleService-Info.plist */; };
/* End PBXBuildFile section */

/* Begin PBXFileReference section */
		3BFA7B4929A00E3F00E8B234 /* Manaih.app */ = {isa = PBXFileReference; explicitFileType = wrapper.application; includeInIndex = 0; path = Manaih.app; sourceTree = BUILT_PRODUCTS_DIR; };
		3BFA7B4C29A00E3F00E8B234 /* ManaihApp.swift */ = {isa = PBXFileReference; lastKnownFileType = sourcecode.swift; path = ManaihApp.swift; sourceTree = "<group>"; };
		3BFA7B4E29A00E3F00E8B234 /* ContentView.swift */ = {isa = PBXFileReference; lastKnownFileType = sourcecode.swift; path = ContentView.swift; sourceTree = "<group>"; };
		3BFA7B5029A00E4000E8B234 /* Assets.xcassets */ = {isa = PBXFileReference; lastKnownFileType = folder.assetcatalog; path = Assets.xcassets; sourceTree = "<group>"; };
		3BFA7B5329A00E4000E8B234 /* Preview Assets.xcassets */ = {isa = PBXFileReference; lastKnownFileType = folder.assetcatalog; path = "Preview Assets.xcassets"; sourceTree = "<group>"; };
		3BFA7B6129A0141C00E8B234 /* GoogleService-Info.plist */ = {isa = PBXFileReference; fileEncoding = 4; lastKnownFileType = text.plist.xml; path = "GoogleService-Info.plist"; sourceTree = "<group>"; };
/* End PBXFileReference section */

/* Begin PBXFrameworksBuildPhase section */
		3BFA7B4629A00E3E00E8B234 /* Frameworks */ = {
			isa = PBXFrameworksBuildPhase;
			buildActionMask = 2147483647;
			files = (
				3BFA7B5C29A012E600E8B234 /* FirebaseAuth in Frameworks */,
				3BFA7B5E29A012E600E8B234 /* FirebaseFirestore in Frameworks */,
				3BFA7B6029A012E600E8B234 /* FirebaseFirestoreSwift in Frameworks */,
			);
			runOnlyForDeploymentPostprocessing = 0;
		};
/* End PBXFrameworksBuildPhase section */

/* Begin PBXGroup section */
		3BFA7B4029A00E3E00E8B234 = {
			isa = PBXGroup;
			children = (
				3BFA7B4B29A00E3F00E8B234 /* Manaih */,
				3BFA7B4A29A00E3F00E8B234 /* Products */,
			);
			sourceTree = "<group>";
		};
		3BFA7B4A29A00E3F00E8B234 /* Products */ = {
			isa = PBXGroup;
			children = (
				3BFA7B4929A00E3F00E8B234 /* Manaih.app */,
			);
			name = Products;
			sourceTree = "<group>";
		};
		3BFA7B4B29A00E3F00E8B234 /* Manaih */ = {
			isa = PBXGroup;
			children = (
				3BFA7B4C29A00E3F00E8B234 /* ManaihApp.swift */,
				3BFA7B4E29A00E3F00E8B234 /* ContentView.swift */,
				3BFA7B6129A0141C00E8B234 /* GoogleService-Info.plist */,
				3BFA7B5029A00E4000E8B234 /* Assets.xcassets */,
				3BFA7B5229A00E4000E8B234 /* Preview Content */,
			);
			path = Manaih;
			sourceTree = "<group>";
		};
		3BFA7B5229A00E4000E8B234 /* Preview Content */ = {
			isa = PBXGroup;
			children = (
				3BFA7B5329A00E4000E8B234 /* Preview Assets.xcassets */,
			);
			path = "Preview Content";
			sourceTree = "<group>";
		};
/* End PBXGroup section */

/* Begin PBXNativeTarget section */
		3BFA7B4829A00E3E00E8B234 /* Manaih */ = {
			isa = PBXNativeTarget;
			buildConfigurationList = 3BFA7B5729A00E4000E8B234 /* Build configuration list for PBXNativeTarget "Manaih" */;
			buildPhases = (
				3BFA7B4529A00E3E00E8B234 /* Sources */,
				3BFA7B4629A00E3E00E8B234 /* Frameworks */,
				3BFA7B4729A00E3E00E8B234 /* Resources */,
			);
			buildRules = (
			);
			dependencies = (
			);
			name = Manaih;
			packageProductDependencies = (
				3BFA7B5B29A012E600E8B234 /* FirebaseAuth */,
				3BFA7B5D29A012E600E8B234 /* FirebaseFirestore */,
				3BFA7B5F29A012E600E8B234 /* FirebaseFirestoreSwift */,
			);
			productName = Manaih;
			productReference = 3BFA7B4929A00E3F00E8B234 /* Manaih.app */;
			productType = "com.apple.product-type.application";
		};
/* End PBXNativeTarget section */

/* Begin PBXProject section */
		3BFA7B4129A00E3E00E8B234 /* Project object */ = {
			isa = PBXProject;
			attributes = {
				BuildIndependentTargetsInParallel = 1;
				LastSwiftUpdateCheck = 1420;
				LastUpgradeCheck = 1420;
				TargetAttributes = {
					3BFA7B4829A00E3E00E8B234 = {
						CreatedOnToolsVersion = 14.2;
					};
				};
			};
			buildConfigurationList = 3BFA7B4429A00E3E00E8B234 /* Build configuration list for PBXProject "Manaih" */;
			compatibilityVersion = "Xcode 14.0";
			developmentRegion = en;
			hasScannedForEncodings = 0;
			knownRegions = (
				en,
				Base,
			);
			mainGroup = 3BFA7B4029A00E3E00E8B234;
			packageReferences = (
				3BFA7B5A29A012E600E8B234 /* XCRemoteSwiftPackageReference "firebase-ios-sdk" */,
			);
			productRefGroup = 3BFA7B4A29A00E3F00E8B234 /* Products */;
			projectDirPath = "";
			projectRoot = "";
			targets = (
				3BFA7B4829A00E3E00E8B234 /* Manaih */,
			);
		};
/* End PBXProject section */

/* Begin PBXResourcesBuildPhase section */
		3BFA7B4729A00E3E00E8B234 /* Resources */ = {
			isa = PBXResourcesBuildPhase;
			buildActionMask = 2147483647;
			files = (
				3BFA7B5429A00E4000E8B234 /* Preview Assets.xcassets in Resources */,
				3BFA7B5129A00E4000E8B234 /* Assets.xcassets in Resources */,
				3BFA7B6229A0141C00E8B234 /* GoogleService-Info.plist in Resources */,
			);
			runOnlyForDeploymentPostprocessing = 0;
		};
/* End PBXResourcesBuildPhase section */

/* Begin PBXSourcesBuildPhase section */
		3BFA7B4529A00E3E00E8B234 /* Sources */ = {
			isa = PBXSourcesBuildPhase;
			buildActionMask = 2147483647;
			files = (
				3BFA7B4F29A00E3F00E8B234 /* ContentView.swift in Sources */,
				3BFA7B4D29A00E3F00E8B234 /* ManaihApp.swift in Sources */,
			);
			runOnlyForDeploymentPostprocessing = 0;
		};
/* End PBXSourcesBuildPhase section */

/* Begin XCBuildConfiguration section */
		3BFA7B5529A00E4000E8B234 /* Debug */ = {
			isa = XCBuildConfiguration;
			buildSettings = {
				ALWAYS_SEARCH_USER_PATHS = NO;
				CLANG_ANALYZER_NONNULL = YES;
				CLANG_ANALYZER_NUMBER_OBJECT_CONVERSION = YES_AGGRESSIVE;
				CLANG_CXX_LANGUAGE_STANDARD = "gnu++20";
				CLANG_ENABLE_MODULES = YES;
				CLANG_ENABLE_OBJC_ARC = YES;
				CLANG_ENABLE_OBJC_WEAK = YES;
				CLANG_WARN_BLOCK_CAPTURE_AUTORELEASING = YES;
				CLANG_WARN_BOOL_CONVERSION = YES;
				CLANG_WARN_COMMA = YES;
				CLANG_WARN_CONSTANT_CONVERSION = YES;
				CLANG_WARN_DEPRECATED_OBJC_IMPLEMENTATIONS = YES;
				CLANG_WARN_DIRECT_OBJC_ISA_USAGE = YES_ERROR;
				CLANG_WARN_DOCUMENTATION_COMMENTS = YES;
				CLANG_WARN_EMPTY_BODY = YES;
				CLANG_WARN_ENUM_CONVERSION = YES;
				CLANG_WARN_INFINITE_RECURSION = YES;
				CLANG_WARN_INT_CONVERSION = YES;
				CLANG_WARN_NON_LITERAL_NULL_CONVERSION = YES;
				CLANG_WARN_OBJC_IMPLICIT_RETAIN_SELF = YES;
				CLANG_WARN_OBJC_LITERAL_CONVERSION = YES;
				CLANG_WARN_OBJC_ROOT_CLASS = YES_ERROR;
				CLANG_WARN_QUOTED_INCLUDE_IN_FRAMEWORK_HEADER = YES;
				CLANG_WARN_RANGE_LOOP_ANALYSIS = YES;
				CLANG_WARN_STRICT_PROTOTYPES = YES;
				CLANG_WARN_SUSPICIOUS_MOVE = YES;
				CLANG_WARN_UNGUARDED_AVAILABILITY = YES_AGGRESSIVE;
				CLANG_WARN_UNREACHABLE_CODE = YES;
				CLANG_WARN__DUPLICATE_METHOD_MATCH = YES;
				COPY_PHASE_STRIP = NO;
				DEBUG_INFORMATION_FORMAT = dwarf;
				ENABLE_STRICT_OBJC_MSGSEND = YES;
				ENABLE_TESTABILITY = YES;
				GCC_C_LANGUAGE_STANDARD = gnu11;
				GCC_DYNAMIC_NO_PIC = NO;
				GCC_NO_COMMON_BLOCKS = YES;
				GCC_OPTIMIZATION_LEVEL = 0;
				GCC_PREPROCESSOR_DEFINITIONS = (
					"DEBUG=1",
					"$(inherited)",
				);
				GCC_WARN_64_TO_32_BIT_CONVERSION = YES;
				GCC_WARN_ABOUT_RETURN_TYPE = YES_ERROR;
				GCC_WARN_UNDECLARED_SELECTOR = YES;
				GCC_WARN_UNINITIALIZED_AUTOS = YES_AGGRESSIVE;
				GCC_WARN_UNUSED_FUNCTION = YES;
				GCC_WARN_UNUSED_VARIABLE = YES;
				IPHONEOS_DEPLOYMENT_TARGET = 16.0;
				MTL_ENABLE_DEBUG_INFO = INCLUDE_SOURCE;
				MTL_FAST_MATH = YES;
				ONLY_ACTIVE_ARCH = YES;
				SDKROOT = iphoneos;
				SWIFT_ACTIVE_COMPILATION_CONDITIONS = DEBUG;
				SWIFT_OPTIMIZATION_LEVEL = "-Onone";
			};
			name = Debug;
		};
		3BFA7B5629A00E4000E8B234 /* Release */ = {
			isa = XCBuildConfiguration;
			buildSettings = {
				ALWAYS_SEARCH_USER_PATHS = NO;
				CLANG_ANALYZER_NONNULL = YES;
				CLANG_ANALYZER_NUMBER_OBJECT_CONVERSION = YES_AGGRESSIVE;
				CLANG_CXX_LANGUAGE_STANDARD = "gnu++20";
				CLANG_ENABLE_MODULES = YES;
				CLANG_ENABLE_OBJC_ARC = YES;
				CLANG_ENABLE_OBJC_WEAK = YES;
				CLANG_WARN_BLOCK_CAPTURE_AUTORELEASING = YES;
				CLANG_WARN_BOOL_CONVERSION = YES;
				CLANG_WARN_COMMA = YES;
				CLANG_WARN_CONSTANT_CONVERSION = YES;
				CLANG_WARN_DEPRECATED_OBJC_IMPLEMENTATIONS = YES;
				CLANG_WARN_DIRECT_OBJC_ISA_USAGE = YES_ERROR;
				CLANG_WARN_DOCUMENTATION_COMMENTS = YES;
				CLANG_WARN_EMPTY_BODY = YES;
				CLANG_WARN_ENUM_CONVERSION = YES;
				CLANG_WARN_INFINITE_RECURSION = YES;
				CLANG_WARN_INT_CONVERSION = YES;
				CLANG_WARN_NON_LITERAL_NULL_CONVERSION = YES;
				CLANG_WARN_OBJC_IMPLICIT_RETAIN_SELF = YES;
				CLANG_WARN_OBJC_LITERAL_CONVERSION = YES;
				CLANG_WARN_OBJC_ROOT_CLASS = YES_ERROR;
				CLANG_WARN_QUOTED_INCLUDE_IN_FRAMEWORK_HEADER = YES;
				CLANG_WARN_RANGE_LOOP_ANALYSIS = YES;
				CLANG_WARN_STRICT_PROTOTYPES = YES;
				CLANG_WARN_SUSPICIOUS_MOVE = YES;
				CLANG_WARN_UNGUARDED_AVAILABILITY = YES_AGGRESSIVE;
				CLANG_WARN_UNREACHABLE_CODE = YES;
				CLANG_WARN__DUPLICATE_METHOD_MATCH = YES;
				COPY_PHASE_STRIP = NO;
				DEBUG_INFORMATION_FORMAT = "dwarf-with-dsym";
				ENABLE_NS_ASSERTIONS = NO;
				ENABLE_STRICT_OBJC_MSGSEND = YES;
				GCC_C_LANGUAGE_STANDARD = gnu11;
				GCC_NO_COMMON_BLOCKS = YES;
				GCC_WARN_64_TO_32_BIT_CONVERSION = YES;
				GCC_WARN_ABOUT_RETURN_TYPE = YES_ERROR;
				GCC_WARN_UNDECLARED_SELECTOR = YES;
				GCC_WARN_UNINITIALIZED_AUTOS = YES_AGGRESSIVE;
				GCC_WARN_UNUSED_FUNCTION = YES;
				GCC_WARN_UNUSED_VARIABLE = YES;
				IPHONEOS_DEPLOYMENT_TARGET = 16.0;
				MTL_ENABLE_DEBUG_INFO = NO;
				MTL_FAST_MATH = YES;
				SDKROOT = iphoneos;
				SWIFT_COMPILATION_MODE = wholemodule;
				SWIFT_OPTIMIZATION_LEVEL = "-O";
				VALIDATE_PRODUCT = YES;
			};
			name = Release;
		};
		3BFA7B5829A00E4000E8B234 /* Debug */ = {
			isa = XCBuildConfiguration;
			buildSettings = {
				ASSETCATALOG_COMPILER_APPICON_NAME = AppIcon;
				ASSETCATALOG_COMPILER_GLOBAL_ACCENT_COLOR_NAME = AccentColor;
				CODE_SIGN_STYLE = Automatic;
				CURRENT_PROJECT_VERSION = 1;
				DEVELOPMENT_ASSET_PATHS = "\"Manaih/Preview Content\"";
				DEVELOPMENT_TEAM = JX5SWB7X9Y;
				ENABLE_PREVIEWS = YES;
				GENERATE_INFOPLIST_FILE = YES;
				INFOPLIST_KEY_UIApplicationSceneManifest_Generation = YES;
				INFOPLIST_KEY_UIApplicationSupportsIndirectInputEvents = YES;
				INFOPLIST_KEY_UILaunchScreen_Generation = YES;
				INFOPLIST_KEY_UISupportedInterfaceOrientations = UIInterfaceOrientationPortrait;
				INFOPLIST_KEY_UISupportedInterfaceOrientations_iPad = "UIInterfaceOrientationLandscapeLeft UIInterfaceOrientationLandscapeRight UIInterfaceOrientationPortrait UIInterfaceOrientationPortraitUpsideDown";
				IPHONEOS_DEPLOYMENT_TARGET = 16.0;
				LD_RUNPATH_SEARCH_PATHS = (
					"$(inherited)",
					"@executable_path/Frameworks",
				);
				MARKETING_VERSION = 1.0;
				PRODUCT_BUNDLE_IDENTIFIER = soyombo.Manaih;
				PRODUCT_NAME = "$(TARGET_NAME)";
				SUPPORTED_PLATFORMS = "iphoneos iphonesimulator";
				SUPPORTS_MACCATALYST = NO;
				SUPPORTS_MAC_DESIGNED_FOR_IPHONE_IPAD = NO;
				SWIFT_EMIT_LOC_STRINGS = YES;
				SWIFT_VERSION = 5.0;
				TARGETED_DEVICE_FAMILY = 1;
			};
			name = Debug;
		};
		3BFA7B5929A00E4000E8B234 /* Release */ = {
			isa = XCBuildConfiguration;
			buildSettings = {
				ASSETCATALOG_COMPILER_APPICON_NAME = AppIcon;
				ASSETCATALOG_COMPILER_GLOBAL_ACCENT_COLOR_NAME = AccentColor;
				CODE_SIGN_STYLE = Automatic;
				CURRENT_PROJECT_VERSION = 1;
				DEVELOPMENT_ASSET_PATHS = "\"Manaih/Preview Content\"";
				DEVELOPMENT_TEAM = JX5SWB7X9Y;
				ENABLE_PREVIEWS = YES;
				GENERATE_INFOPLIST_FILE = YES;
				INFOPLIST_KEY_UIApplicationSceneManifest_Generation = YES;
				INFOPLIST_KEY_UIApplicationSupportsIndirectInputEvents = YES;
				INFOPLIST_KEY_UILaunchScreen_Generation = YES;
				INFOPLIST_KEY_UISupportedInterfaceOrientations = UIInterfaceOrientationPortrait;
				INFOPLIST_KEY_UISupportedInterfaceOrientations_iPad = "UIInterfaceOrientationLandscapeLeft UIInterfaceOrientationLandscapeRight UIInterfaceOrientationPortrait UIInterfaceOrientationPortraitUpsideDown";
				IPHONEOS_DEPLOYMENT_TARGET = 16.0;
				LD_RUNPATH_SEARCH_PATHS = (
					"$(inherited)",
					"@executable_path/Frameworks",
				);
				MARKETING_VERSION = 1.0;
				PRODUCT_BUNDLE_IDENTIFIER = soyombo.Manaih;
				PRODUCT_NAME = "$(TARGET_NAME)";
				SUPPORTED_PLATFORMS = "iphoneos iphonesimulator";
				SUPPORTS_MACCATALYST = NO;
				SUPPORTS_MAC_DESIGNED_FOR_IPHONE_IPAD = NO;
				SWIFT_EMIT_LOC_STRINGS = YES;
				SWIFT_VERSION = 5.0;
				TARGETED_DEVICE_FAMILY = 1;
			};
			name = Release;
		};
/* End XCBuildConfiguration section */

/* Begin XCConfigurationList section */
		3BFA7B4429A00E3E00E8B234 /* Build configuration list for PBXProject "Manaih" */ = {
			isa = XCConfigurationList;
			buildConfigurations = (
				3BFA7B5529A00E4000E8B234 /* Debug */,
				3BFA7B5629A00E4000E8B234 /* Release */,
			);
			defaultConfigurationIsVisible = 0;
			defaultConfigurationName = Release;
		};
		3BFA7B5729A00E4000E8B234 /* Build configuration list for PBXNativeTarget "Manaih" */ = {
			isa = XCConfigurationList;
			buildConfigurations = (
				3BFA7B5829A00E4000E8B234 /* Debug */,
				3BFA7B5929A00E4000E8B234 /* Release */,
			);
			defaultConfigurationIsVisible = 0;
			defaultConfigurationName = Release;
		};
/* End XCConfigurationList section */

/* Begin XCRemoteSwiftPackageReference section */
		3BFA7B5A29A012E600E8B234 /* XCRemoteSwiftPackageReference "firebase-ios-sdk" */ = {
			isa = XCRemoteSwiftPackageReference;
			repositoryURL = "https://github.com/firebase/firebase-ios-sdk";
			requirement = {
				kind = upToNextMajorVersion;
				minimumVersion = 9.0.0;
			};
		};
/* End XCRemoteSwiftPackageReference section */

/* Begin XCSwiftPackageProductDependency section */
		3BFA7B5B29A012E600E8B234 /* FirebaseAuth */ = {
			isa = XCSwiftPackageProductDependency;
			package = 3BFA7B5A29A012E600E8B234 /* XCRemoteSwiftPackageReference "firebase-ios-sdk" */;
			productName = FirebaseAuth;
		};
		3BFA7B5D29A012E600E8B234 /* FirebaseFirestore */ = {
			isa = XCSwiftPackageProductDependency;
			package = 3BFA7B5A29A012E600E8B234 /* XCRemoteSwiftPackageReference "firebase-ios-sdk" */;
			productName = FirebaseFirestore;
		};
		3BFA7B5F29A012E600E8B234 /* FirebaseFirestoreSwift */ = {
			isa = XCSwiftPackageProductDependency;
			package = 3BFA7B5A29A012E600E8B234 /* XCRemoteSwiftPackageReference "firebase-ios-sdk" */;
			productName = FirebaseFirestoreSwift;
		};
/* End XCSwiftPackageProductDependency section */
	};
	rootObject = 3BFA7B4129A00E3E00E8B234 /* Project object */;
}
